
Microsoft Visual Studio Solution File, Format Version 12.00
# Visual Studio 15
VisualStudioVersion = 15.0.27130.2010
MinimumVisualStudioVersion = 10.0.40219.1
Project("{8BC9CEB8-8B4A-11D0-8D11-00A0C91BC942}") = "huff333333333", "huff333333333\huff333333333.vcxproj", "{817D1FEA-6168-4623-B60A-936A7FAB9B67}"
EndProject
Global
	GlobalSection(SolutionConfigurationPlatforms) = preSolution
		Debug|x64 = Debug|x64
		Debug|x86 = Debug|x86
		Release|x64 = Release|x64
		Release|x86 = Release|x86
	EndGlobalSection
	GlobalSection(ProjectConfigurationPlatforms) = postSolution
		{817D1FEA-6168-4623-B60A-936A7FAB9B67}.Debug|x64.ActiveCfg = Debug|x64
		{817D1FEA-6168-4623-B60A-936A7FAB9B67}.Debug|x64.Build.0 = Debug|x64
		{817D1FEA-6168-4623-B60A-936A7FAB9B67}.Debug|x86.ActiveCfg = Debug|Win32
		{817D1FEA-6168-4623-B60A-936A7FAB9B67}.Debug|x86.Build.0 = Debug|Win32
		{817D1FEA-6168-4623-B60A-936A7FAB9B67}.Release|x64.ActiveCfg = Release|x64
		{817D1FEA-6168-4623-B60A-936A7FAB9B67}.Release|x64.Build.0 = Release|x64
		{817D1FEA-6168-4623-B60A-936A7FAB9B67}.Release|x86.ActiveCfg = Release|Win32
		{817D1FEA-6168-4623-B60A-936A7FAB9B67}.Release|x86.Build.0 = Release|Win32
	EndGlobalSection
	GlobalSection(SolutionProperties) = preSolution
		HideSolutionNode = FALSE
	EndGlobalSection
	GlobalSection(ExtensibilityGlobals) = postSolution
		SolutionGuid = {44CBE1C3-6592-4DA3-A657-61FF4BBEAD18}
	EndGlobalSection
EndGlobal
